<?xml version="1.0" encoding="utf-8"?>
<Project ToolsVersion="4.0" xmlns="http://schemas.microsoft.com/developer/msbuild/2003">
  <ItemGroup>
    <Filter Include="Source Files">
      <UniqueIdentifier>{4FC737F1-C7A5-4376-A066-2A32D752A2FF}</UniqueIdentifier>
      <Extensions>cpp;c;cc;cxx;def;odl;idl;hpj;bat;asm;asmx</Extensions>
    </Filter>
    <Filter Include="Header Files">
      <UniqueIdentifier>{93995380-89BD-4b04-88EB-625FBE52EBFB}</UniqueIdentifier>
      <Extensions>h;hh;hpp;hxx;hm;inl;inc;ipp;xsd</Extensions>
    </Filter>
    <Filter Include="Resource Files">
      <UniqueIdentifier>{67DA6AB6-F800-4c08-8B7A-83BB121AAD01}</UniqueIdentifier>
      <Extensions>rc;ico;cur;bmp;dlg;rc2;rct;bin;rgs;gif;jpg;jpeg;jpe;resx;tiff;tif;png;wav;mfcribbon-ms</Extensions>
    </Filter>
  </ItemGroup>
  <ItemGroup>
    <ClInclude Include="include\Camera.h">
      <Filter>Header Files</Filter>
    </ClInclude>
    <ClInclude Include="include\Mesh.h">
      <Filter>Header Files</Filter>
    </ClInclude>
    <ClInclude Include="include\Model.h">
      <Filter>Header Files</Filter>
    </ClInclude>
    <ClInclude Include="include\Shader.h">
      <Filter>Header Files</Filter>
    </ClInclude>
    <ClInclude Include="include\stb_image.h">
      <Filter>Header Files</Filter>
    </ClInclude>
    <ClInclude Include="include\utils.h">
      <Filter>Header Files</Filter>
    </ClInclude>
    <ClInclude Include="include\ShadowMap.hpp">
      <Filter>Header Files</Filter>
    </ClInclude>
  </ItemGroup>
  <ItemGroup>
    <ClCompile Include="src\glad.c">
      <Filter>Source Files</Filter>
    </ClCompile>
    <ClCompile Include="src\stb_image.cpp">
      <Filter>Source Files</Filter>
    </ClCompile>
    <ClCompile Include="src\NormalMapping.cpp">
      <Filter>Source Files</Filter>
    </ClCompile>
  </ItemGroup>
  <ItemGroup>
    <None Include="res\shader\depth_map.fs">
      <Filter>Resource Files</Filter>
    </None>
    <None Include="res\shader\depth_map.vs">
      <Filter>Resource Files</Filter>
    </None>
    <None Include="res\shader\blinn_phong_shadow.fs">
      <Filter>Resource Files</Filter>
    </None>
    <None Include="res\shader\blinn_phong_shadow.vs">
      <Filter>Resource Files</Filter>
    </None>
    <None Include="res\shader\depth_map_debug.fs">
      <Filter>Resource Files</Filter>
    </None>
    <None Include="res\shader\depth_map_debug.vs">
      <Filter>Resource Files</Filter>
    </None>
    <None Include="res\shader\lamp.fs">
      <Filter>Resource Files</Filter>
    </None>
    <None Include="res\shader\lamp.vs">
      <Filter>Resource Files</Filter>
    </None>
    <None Include="res\shader\geometry.fs">
      <Filter>Resource Files</Filter>
    </None>
    <None Include="res\shader\geometry.gs">
      <Filter>Resource Files</Filter>
    </None>
    <None Include="res\shader\geometry.vs">
      <Filter>Resource Files</Filter>
    </None>
    <None Include="res\shader\cube_map.fs">
      <Filter>Resource Files</Filter>
    </None>
    <None Include="res\shader\cube_map.vs">
      <Filter>Resource Files</Filter>
    </None>
    <None Include="res\shader\depth_cubemap.vs">
      <Filter>Resource Files</Filter>
    </None>
    <None Include="res\shader\depth_cubemap.fs">
      <Filter>Resource Files</Filter>
    </None>
    <None Include="res\shader\depth_cubemap.gs">
      <Filter>Resource Files</Filter>
    </None>
    <None Include="res\shader\blinn_phong.fs">
      <Filter>Resource Files</Filter>
    </None>
    <None Include="res\shader\blinn_phong.vs">
      <Filter>Resource Files</Filter>
    </None>
    <None Include="res\shader\blinn_phong_point_shadow.fs">
      <Filter>Resource Files</Filter>
    </None>
    <None Include="res\shader\blinn_phong_point_shadow.vs">
      <Filter>Resource Files</Filter>
    </None>
    <None Include="res\shader\normal_mapping.fs">
      <Filter>Resource Files</Filter>
    </None>
    <None Include="res\shader\normal_mapping.vs">
      <Filter>Resource Files</Filter>
    </None>
    <None Include="res\shader\normalVisualize.fs">
      <Filter>Resource Files</Filter>
    </None>
    <None Include="res\shader\normalVisualize.gs">
      <Filter>Resource Files</Filter>
    </None>
    <None Include="res\shader\normalVisualize.vs">
      <Filter>Resource Files</Filter>
    </None>
  </ItemGroup>
</Project>